
Microsoft Visual Studio Solution File, Format Version 12.00
# Visual Studio 15
VisualStudioVersion = 15.0.26124.0
MinimumVisualStudioVersion = 15.0.26124.0
Project("{2150E333-8FDC-42A3-9474-1A3956D46DE8}") = "src", "src", "{AD69F2B8-3C16-411C-9B02-C065958AC25B}"
EndProject
Project("{FAE04EC0-301F-11D3-BF4B-00C04F79EFBC}") = "CommandAPI", "src\CommandAPI\CommandAPI.csproj", "{8DFC669B-9A64-4F8F-8BF0-CD4E7DB5EF13}"
EndProject
Project("{2150E333-8FDC-42A3-9474-1A3956D46DE8}") = "test", "test", "{BD9E1337-1F9D-409B-84A9-66FB4FC9E144}"
EndProject
Project("{FAE04EC0-301F-11D3-BF4B-00C04F79EFBC}") = "CommandAPI.Tests", "test\CommandAPI.Tests\CommandAPI.Tests.csproj", "{A089E7D0-FDA4-41C9-9C63-498CB1E201D2}"
EndProject
Global
	GlobalSection(SolutionConfigurationPlatforms) = preSolution
		Debug|Any CPU = Debug|Any CPU
		Debug|x64 = Debug|x64
		Debug|x86 = Debug|x86
		Release|Any CPU = Release|Any CPU
		Release|x64 = Release|x64
		Release|x86 = Release|x86
	EndGlobalSection
	GlobalSection(SolutionProperties) = preSolution
		HideSolutionNode = FALSE
	EndGlobalSection
	GlobalSection(ProjectConfigurationPlatforms) = postSolution
		{8DFC669B-9A64-4F8F-8BF0-CD4E7DB5EF13}.Debug|Any CPU.ActiveCfg = Debug|Any CPU
		{8DFC669B-9A64-4F8F-8BF0-CD4E7DB5EF13}.Debug|Any CPU.Build.0 = Debug|Any CPU
		{8DFC669B-9A64-4F8F-8BF0-CD4E7DB5EF13}.Debug|x64.ActiveCfg = Debug|Any CPU
		{8DFC669B-9A64-4F8F-8BF0-CD4E7DB5EF13}.Debug|x64.Build.0 = Debug|Any CPU
		{8DFC669B-9A64-4F8F-8BF0-CD4E7DB5EF13}.Debug|x86.ActiveCfg = Debug|Any CPU
		{8DFC669B-9A64-4F8F-8BF0-CD4E7DB5EF13}.Debug|x86.Build.0 = Debug|Any CPU
		{8DFC669B-9A64-4F8F-8BF0-CD4E7DB5EF13}.Release|Any CPU.ActiveCfg = Release|Any CPU
		{8DFC669B-9A64-4F8F-8BF0-CD4E7DB5EF13}.Release|Any CPU.Build.0 = Release|Any CPU
		{8DFC669B-9A64-4F8F-8BF0-CD4E7DB5EF13}.Release|x64.ActiveCfg = Release|Any CPU
		{8DFC669B-9A64-4F8F-8BF0-CD4E7DB5EF13}.Release|x64.Build.0 = Release|Any CPU
		{8DFC669B-9A64-4F8F-8BF0-CD4E7DB5EF13}.Release|x86.ActiveCfg = Release|Any CPU
		{8DFC669B-9A64-4F8F-8BF0-CD4E7DB5EF13}.Release|x86.Build.0 = Release|Any CPU
		{A089E7D0-FDA4-41C9-9C63-498CB1E201D2}.Debug|Any CPU.ActiveCfg = Debug|Any CPU
		{A089E7D0-FDA4-41C9-9C63-498CB1E201D2}.Debug|Any CPU.Build.0 = Debug|Any CPU
		{A089E7D0-FDA4-41C9-9C63-498CB1E201D2}.Debug|x64.ActiveCfg = Debug|Any CPU
		{A089E7D0-FDA4-41C9-9C63-498CB1E201D2}.Debug|x64.Build.0 = Debug|Any CPU
		{A089E7D0-FDA4-41C9-9C63-498CB1E201D2}.Debug|x86.ActiveCfg = Debug|Any CPU
		{A089E7D0-FDA4-41C9-9C63-498CB1E201D2}.Debug|x86.Build.0 = Debug|Any CPU
		{A089E7D0-FDA4-41C9-9C63-498CB1E201D2}.Release|Any CPU.ActiveCfg = Release|Any CPU
		{A089E7D0-FDA4-41C9-9C63-498CB1E201D2}.Release|Any CPU.Build.0 = Release|Any CPU
		{A089E7D0-FDA4-41C9-9C63-498CB1E201D2}.Release|x64.ActiveCfg = Release|Any CPU
		{A089E7D0-FDA4-41C9-9C63-498CB1E201D2}.Release|x64.Build.0 = Release|Any CPU
		{A089E7D0-FDA4-41C9-9C63-498CB1E201D2}.Release|x86.ActiveCfg = Release|Any CPU
		{A089E7D0-FDA4-41C9-9C63-498CB1E201D2}.Release|x86.Build.0 = Release|Any CPU
	EndGlobalSection
	GlobalSection(NestedProjects) = preSolution
		{8DFC669B-9A64-4F8F-8BF0-CD4E7DB5EF13} = {AD69F2B8-3C16-411C-9B02-C065958AC25B}
		{A089E7D0-FDA4-41C9-9C63-498CB1E201D2} = {BD9E1337-1F9D-409B-84A9-66FB4FC9E144}
	EndGlobalSection
EndGlobal
